// !$*UTF8*$!
{
	archiveVersion = 1;
	classes = {
	};
	objectVersion = 46;
	objects = {

/* Begin PBXBuildFile section */
		C9A9CFAD1F70349300379269 /* AppDelegate.swift in Sources */ = {isa = PBXBuildFile; fileRef = C9A9CFAC1F70349300379269 /* AppDelegate.swift */; };
		C9A9CFAF1F70349300379269 /* ViewController.swift in Sources */ = {isa = PBXBuildFile; fileRef = C9A9CFAE1F70349300379269 /* ViewController.swift */; };
		C9A9CFB21F70349300379269 /* Main.storyboard in Resources */ = {isa = PBXBuildFile; fileRef = C9A9CFB01F70349300379269 /* Main.storyboard */; };
		C9A9CFB41F70349300379269 /* Assets.xcassets in Resources */ = {isa = PBXBuildFile; fileRef = C9A9CFB31F70349300379269 /* Assets.xcassets */; };
		C9A9CFB71F70349300379269 /* LaunchScreen.storyboard in Resources */ = {isa = PBXBuildFile; fileRef = C9A9CFB51F70349300379269 /* LaunchScreen.storyboard */; };
		C9A9CFC21F70349300379269 /* Lab1Tests.swift in Sources */ = {isa = PBXBuildFile; fileRef = C9A9CFC11F70349300379269 /* Lab1Tests.swift */; };
		C9A9CFCD1F70349300379269 /* Lab1UITests.swift in Sources */ = {isa = PBXBuildFile; fileRef = C9A9CFCC1F70349300379269 /* Lab1UITests.swift */; };
		C9A9CFDB1F70359C00379269 /* Unknown.png in Resources */ = {isa = PBXBuildFile; fileRef = C9A9CFDA1F70359C00379269 /* Unknown.png */; };
/* End PBXBuildFile section */

/* Begin PBXContainerItemProxy section */
		C9A9CFBE1F70349300379269 /* PBXContainerItemProxy */ = {
			isa = PBXContainerItemProxy;
			containerPortal = C9A9CFA11F70349300379269 /* Project object */;
			proxyType = 1;
			remoteGlobalIDString = C9A9CFA81F70349300379269;
			remoteInfo = Lab1;
		};
		C9A9CFC91F70349300379269 /* PBXContainerItemProxy */ = {
			isa = PBXContainerItemProxy;
			containerPortal = C9A9CFA11F70349300379269 /* Project object */;
			proxyType = 1;
			remoteGlobalIDString = C9A9CFA81F70349300379269;
			remoteInfo = Lab1;
		};
/* End PBXContainerItemProxy section */

/* Begin PBXFileReference section */
		C9A9CFA91F70349300379269 /* Lab1.app */ = {isa = PBXFileReference; explicitFileType = wrapper.application; includeInIndex = 0; path = Lab1.app; sourceTree = BUILT_PRODUCTS_DIR; };
		C9A9CFAC1F70349300379269 /* AppDelegate.swift */ = {isa = PBXFileReference; lastKnownFileType = sourcecode.swift; path = AppDelegate.swift; sourceTree = "<group>"; };
		C9A9CFAE1F70349300379269 /* ViewController.swift */ = {isa = PBXFileReference; lastKnownFileType = sourcecode.swift; path = ViewController.swift; sourceTree = "<group>"; };
		C9A9CFB11F70349300379269 /* Base */ = {isa = PBXFileReference; lastKnownFileType = file.storyboard; name = Base; path = Base.lproj/Main.storyboard; sourceTree = "<group>"; };
		C9A9CFB31F70349300379269 /* Assets.xcassets */ = {isa = PBXFileReference; lastKnownFileType = folder.assetcatalog; path = Assets.xcassets; sourceTree = "<group>"; };
		C9A9CFB61F70349300379269 /* Base */ = {isa = PBXFileReference; lastKnownFileType = file.storyboard; name = Base; path = Base.lproj/LaunchScreen.storyboard; sourceTree = "<group>"; };
		C9A9CFB81F70349300379269 /* Info.plist */ = {isa = PBXFileReference; lastKnownFileType = text.plist.xml; path = Info.plist; sourceTree = "<group>"; };
		C9A9CFBD1F70349300379269 /* Lab1Tests.xctest */ = {isa = PBXFileReference; explicitFileType = wrapper.cfbundle; includeInIndex = 0; path = Lab1Tests.xctest; sourceTree = BUILT_PRODUCTS_DIR; };
		C9A9CFC11F70349300379269 /* Lab1Tests.swift */ = {isa = PBXFileReference; lastKnownFileType = sourcecode.swift; path = Lab1Tests.swift; sourceTree = "<group>"; };
		C9A9CFC31F70349300379269 /* Info.plist */ = {isa = PBXFileReference; lastKnownFileType = text.plist.xml; path = Info.plist; sourceTree = "<group>"; };
		C9A9CFC81F70349300379269 /* Lab1UITests.xctest */ = {isa = PBXFileReference; explicitFileType = wrapper.cfbundle; includeInIndex = 0; path = Lab1UITests.xctest; sourceTree = BUILT_PRODUCTS_DIR; };
		C9A9CFCC1F70349300379269 /* Lab1UITests.swift */ = {isa = PBXFileReference; lastKnownFileType = sourcecode.swift; path = Lab1UITests.swift; sourceTree = "<group>"; };
		C9A9CFCE1F70349300379269 /* Info.plist */ = {isa = PBXFileReference; lastKnownFileType = text.plist.xml; path = Info.plist; sourceTree = "<group>"; };
		C9A9CFDA1F70359C00379269 /* Unknown.png */ = {isa = PBXFileReference; lastKnownFileType = image.png; path = Unknown.png; sourceTree = "<group>"; };
/* End PBXFileReference section */

/* Begin PBXFrameworksBuildPhase section */
		C9A9CFA61F70349300379269 /* Frameworks */ = {
			isa = PBXFrameworksBuildPhase;
			buildActionMask = 2147483647;
			files = (
			);
			runOnlyForDeploymentPostprocessing = 0;
		};
		C9A9CFBA1F70349300379269 /* Frameworks */ = {
			isa = PBXFrameworksBuildPhase;
			buildActionMask = 2147483647;
			files = (
			);
			runOnlyForDeploymentPostprocessing = 0;
		};
		C9A9CFC51F70349300379269 /* Frameworks */ = {
			isa = PBXFrameworksBuildPhase;
			buildActionMask = 2147483647;
			files = (
			);
			runOnlyForDeploymentPostprocessing = 0;
		};
/* End PBXFrameworksBuildPhase section */

/* Begin PBXGroup section */
		C9A9CFA01F70349300379269 = {
			isa = PBXGroup;
			children = (
				C9A9CFAB1F70349300379269 /* Lab1 */,
				C9A9CFDA1F70359C00379269 /* Unknown.png */,
				C9A9CFC01F70349300379269 /* Lab1Tests */,
				C9A9CFCB1F70349300379269 /* Lab1UITests */,
				C9A9CFAA1F70349300379269 /* Products */,
			);
			sourceTree = "<group>";
		};
		C9A9CFAA1F70349300379269 /* Products */ = {
			isa = PBXGroup;
			children = (
				C9A9CFA91F70349300379269 /* Lab1.app */,
				C9A9CFBD1F70349300379269 /* Lab1Tests.xctest */,
				C9A9CFC81F70349300379269 /* Lab1UITests.xctest */,
			);
			name = Products;
			sourceTree = "<group>";
		};
		C9A9CFAB1F70349300379269 /* Lab1 */ = {
			isa = PBXGroup;
			children = (
				C9A9CFAC1F70349300379269 /* AppDelegate.swift */,
				C9A9CFAE1F70349300379269 /* ViewController.swift */,
				C9A9CFB01F70349300379269 /* Main.storyboard */,
				C9A9CFB31F70349300379269 /* Assets.xcassets */,
				C9A9CFB51F70349300379269 /* LaunchScreen.storyboard */,
				C9A9CFB81F70349300379269 /* Info.plist */,
			);
			path = Lab1;
			sourceTree = "<group>";
		};
		C9A9CFC01F70349300379269 /* Lab1Tests */ = {
			isa = PBXGroup;
			children = (
				C9A9CFC11F70349300379269 /* Lab1Tests.swift */,
				C9A9CFC31F70349300379269 /* Info.plist */,
			);
			path = Lab1Tests;
			sourceTree = "<group>";
		};
		C9A9CFCB1F70349300379269 /* Lab1UITests */ = {
			isa = PBXGroup;
			children = (
				C9A9CFCC1F70349300379269 /* Lab1UITests.swift */,
				C9A9CFCE1F70349300379269 /* Info.plist */,
			);
			path = Lab1UITests;
			sourceTree = "<group>";
		};
/* End PBXGroup section */

/* Begin PBXNativeTarget section */
		C9A9CFA81F70349300379269 /* Lab1 */ = {
			isa = PBXNativeTarget;
			buildConfigurationList = C9A9CFD11F70349300379269 /* Build configuration list for PBXNativeTarget "Lab1" */;
			buildPhases = (
				C9A9CFA51F70349300379269 /* Sources */,
				C9A9CFA61F70349300379269 /* Frameworks */,
				C9A9CFA71F70349300379269 /* Resources */,
			);
			buildRules = (
			);
			dependencies = (
			);
			name = Lab1;
			productName = Lab1;
			productReference = C9A9CFA91F70349300379269 /* Lab1.app */;
			productType = "com.apple.product-type.application";
		};
		C9A9CFBC1F70349300379269 /* Lab1Tests */ = {
			isa = PBXNativeTarget;
			buildConfigurationList = C9A9CFD41F70349300379269 /* Build configuration list for PBXNativeTarget "Lab1Tests" */;
			buildPhases = (
				C9A9CFB91F70349300379269 /* Sources */,
				C9A9CFBA1F70349300379269 /* Frameworks */,
				C9A9CFBB1F70349300379269 /* Resources */,
			);
			buildRules = (
			);
			dependencies = (
				C9A9CFBF1F70349300379269 /* PBXTargetDependency */,
			);
			name = Lab1Tests;
			productName = Lab1Tests;
			productReference = C9A9CFBD1F70349300379269 /* Lab1Tests.xctest */;
			productType = "com.apple.product-type.bundle.unit-test";
		};
		C9A9CFC71F70349300379269 /* Lab1UITests */ = {
			isa = PBXNativeTarget;
			buildConfigurationList = C9A9CFD71F70349300379269 /* Build configuration list for PBXNativeTarget "Lab1UITests" */;
			buildPhases = (
				C9A9CFC41F70349300379269 /* Sources */,
				C9A9CFC51F70349300379269 /* Frameworks */,
				C9A9CFC61F70349300379269 /* Resources */,
			);
			buildRules = (
			);
			dependencies = (
				C9A9CFCA1F70349300379269 /* PBXTargetDependency */,
			);
			name = Lab1UITests;
			productName = Lab1UITests;
			productReference = C9A9CFC81F70349300379269 /* Lab1UITests.xctest */;
			productType = "com.apple.product-type.bundle.ui-testing";
		};
/* End PBXNativeTarget section */

/* Begin PBXProject section */
		C9A9CFA11F70349300379269 /* Project object */ = {
			isa = PBXProject;
			attributes = {
				LastSwiftUpdateCheck = 0820;
				LastUpgradeCheck = 0820;
				ORGANIZATIONNAME = "Local Account 436-01";
				TargetAttributes = {
					C9A9CFA81F70349300379269 = {
						CreatedOnToolsVersion = 8.2.1;
						ProvisioningStyle = Automatic;
					};
					C9A9CFBC1F70349300379269 = {
						CreatedOnToolsVersion = 8.2.1;
						ProvisioningStyle = Automatic;
						TestTargetID = C9A9CFA81F70349300379269;
					};
					C9A9CFC71F70349300379269 = {
						CreatedOnToolsVersion = 8.2.1;
						ProvisioningStyle = Automatic;
						TestTargetID = C9A9CFA81F70349300379269;
					};
				};
			};
			buildConfigurationList = C9A9CFA41F70349300379269 /* Build configuration list for PBXProject "Lab1" */;
			compatibilityVersion = "Xcode 3.2";
			developmentRegion = English;
			hasScannedForEncodings = 0;
			knownRegions = (
				en,
				Base,
			);
			mainGroup = C9A9CFA01F70349300379269;
			productRefGroup = C9A9CFAA1F70349300379269 /* Products */;
			projectDirPath = "";
			projectRoot = "";
			targets = (
				C9A9CFA81F70349300379269 /* Lab1 */,
				C9A9CFBC1F70349300379269 /* Lab1Tests */,
				C9A9CFC71F70349300379269 /* Lab1UITests */,
			);
		};
/* End PBXProject section */

/* Begin PBXResourcesBuildPhase section */
		C9A9CFA71F70349300379269 /* Resources */ = {
			isa = PBXResourcesBuildPhase;
			buildActionMask = 2147483647;
			files = (
				C9A9CFB71F70349300379269 /* LaunchScreen.storyboard in Resources */,
				C9A9CFB41F70349300379269 /* Assets.xcassets in Resources */,
				C9A9CFDB1F70359C00379269 /* Unknown.png in Resources */,
				C9A9CFB21F70349300379269 /* Main.storyboard in Resources */,
			);
			runOnlyForDeploymentPostprocessing = 0;
		};
		C9A9CFBB1F70349300379269 /* Resources */ = {
			isa = PBXResourcesBuildPhase;
			buildActionMask = 2147483647;
			files = (
			);
			runOnlyForDeploymentPostprocessing = 0;
		};
		C9A9CFC61F70349300379269 /* Resources */ = {
			isa = PBXResourcesBuildPhase;
			buildActionMask = 2147483647;
			files = (
			);
			runOnlyForDeploymentPostprocessing = 0;
		};
/* End PBXResourcesBuildPhase section */

/* Begin PBXSourcesBuildPhase section */
		C9A9CFA51F70349300379269 /* Sources */ = {
			isa = PBXSourcesBuildPhase;
			buildActionMask = 2147483647;
			files = (
				C9A9CFAF1F70349300379269 /* ViewController.swift in Sources */,
				C9A9CFAD1F70349300379269 /* AppDelegate.swift in Sources */,
			);
			runOnlyForDeploymentPostprocessing = 0;
		};
		C9A9CFB91F70349300379269 /* Sources */ = {
			isa = PBXSourcesBuildPhase;
			buildActionMask = 2147483647;
			files = (
				C9A9CFC21F70349300379269 /* Lab1Tests.swift in Sources */,
			);
			runOnlyForDeploymentPostprocessing = 0;
		};
		C9A9CFC41F70349300379269 /* Sources */ = {
			isa = PBXSourcesBuildPhase;
			buildActionMask = 2147483647;
			files = (
				C9A9CFCD1F70349300379269 /* Lab1UITests.swift in Sources */,
			);
			runOnlyForDeploymentPostprocessing = 0;
		};
/* End PBXSourcesBuildPhase section */

/* Begin PBXTargetDependency section */
		C9A9CFBF1F70349300379269 /* PBXTargetDependency */ = {
			isa = PBXTargetDependency;
			target = C9A9CFA81F70349300379269 /* Lab1 */;
			targetProxy = C9A9CFBE1F70349300379269 /* PBXContainerItemProxy */;
		};
		C9A9CFCA1F70349300379269 /* PBXTargetDependency */ = {
			isa = PBXTargetDependency;
			target = C9A9CFA81F70349300379269 /* Lab1 */;
			targetProxy = C9A9CFC91F70349300379269 /* PBXContainerItemProxy */;
		};
/* End PBXTargetDependency section */

/* Begin PBXVariantGroup section */
		C9A9CFB01F70349300379269 /* Main.storyboard */ = {
			isa = PBXVariantGroup;
			children = (
				C9A9CFB11F70349300379269 /* Base */,
			);
			name = Main.storyboard;
			sourceTree = "<group>";
		};
		C9A9CFB51F70349300379269 /* LaunchScreen.storyboard */ = {
			isa = PBXVariantGroup;
			children = (
				C9A9CFB61F70349300379269 /* Base */,
			);
			name = LaunchScreen.storyboard;
			sourceTree = "<group>";
		};
/* End PBXVariantGroup section */

/* Begin XCBuildConfiguration section */
		C9A9CFCF1F70349300379269 /* Debug */ = {
			isa = XCBuildConfiguration;
			buildSettings = {
				ALWAYS_SEARCH_USER_PATHS = NO;
				CLANG_ANALYZER_NONNULL = YES;
				CLANG_CXX_LANGUAGE_STANDARD = "gnu++0x";
				CLANG_CXX_LIBRARY = "libc++";
				CLANG_ENABLE_MODULES = YES;
				CLANG_ENABLE_OBJC_ARC = YES;
				CLANG_WARN_BOOL_CONVERSION = YES;
				CLANG_WARN_CONSTANT_CONVERSION = YES;
				CLANG_WARN_DIRECT_OBJC_ISA_USAGE = YES_ERROR;
				CLANG_WARN_DOCUMENTATION_COMMENTS = YES;
				CLANG_WARN_EMPTY_BODY = YES;
				CLANG_WARN_ENUM_CONVERSION = YES;
				CLANG_WARN_INFINITE_RECURSION = YES;
				CLANG_WARN_INT_CONVERSION = YES;
				CLANG_WARN_OBJC_ROOT_CLASS = YES_ERROR;
				CLANG_WARN_SUSPICIOUS_MOVE = YES;
				CLANG_WARN_UNREACHABLE_CODE = YES;
				CLANG_WARN__DUPLICATE_METHOD_MATCH = YES;
				"CODE_SIGN_IDENTITY[sdk=iphoneos*]" = "iPhone Developer";
				COPY_PHASE_STRIP = NO;
				DEBUG_INFORMATION_FORMAT = dwarf;
				ENABLE_STRICT_OBJC_MSGSEND = YES;
				ENABLE_TESTABILITY = YES;
				GCC_C_LANGUAGE_STANDARD = gnu99;
				GCC_DYNAMIC_NO_PIC = NO;
				GCC_NO_COMMON_BLOCKS = YES;
				GCC_OPTIMIZATION_LEVEL = 0;
				GCC_PREPROCESSOR_DEFINITIONS = (
					"DEBUG=1",
					"$(inherited)",
				);
				GCC_WARN_64_TO_32_BIT_CONVERSION = YES;
				GCC_WARN_ABOUT_RETURN_TYPE = YES_ERROR;
				GCC_WARN_UNDECLARED_SELECTOR = YES;
				GCC_WARN_UNINITIALIZED_AUTOS = YES_AGGRESSIVE;
				GCC_WARN_UNUSED_FUNCTION = YES;
				GCC_WARN_UNUSED_VARIABLE = YES;
				IPHONEOS_DEPLOYMENT_TARGET = 10.2;
				MTL_ENABLE_DEBUG_INFO = YES;
				ONLY_ACTIVE_ARCH = YES;
				SDKROOT = iphoneos;
				SWIFT_ACTIVE_COMPILATION_CONDITIONS = DEBUG;
				SWIFT_OPTIMIZATION_LEVEL = "-Onone";
				TARGETED_DEVICE_FAMILY = "1,2";
			};
			name = Debug;
		};
		C9A9CFD01F70349300379269 /* Release */ = {
			isa = XCBuildConfiguration;
			buildSettings = {
				ALWAYS_SEARCH_USER_PATHS = NO;
				CLANG_ANALYZER_NONNULL = YES;
				CLANG_CXX_LANGUAGE_STANDARD = "gnu++0x";
				CLANG_CXX_LIBRARY = "libc++";
				CLANG_ENABLE_MODULES = YES;
				CLANG_ENABLE_OBJC_ARC = YES;
				CLANG_WARN_BOOL_CONVERSION = YES;
				CLANG_WARN_CONSTANT_CONVERSION = YES;
				CLANG_WARN_DIRECT_OBJC_ISA_USAGE = YES_ERROR;
				CLANG_WARN_DOCUMENTATION_COMMENTS = YES;
				CLANG_WARN_EMPTY_BODY = YES;
				CLANG_WARN_ENUM_CONVERSION = YES;
				CLANG_WARN_INFINITE_RECURSION = YES;
				CLANG_WARN_INT_CONVERSION = YES;
				CLANG_WARN_OBJC_ROOT_CLASS = YES_ERROR;
				CLANG_WARN_SUSPICIOUS_MOVE = YES;
				CLANG_WARN_UNREACHABLE_CODE = YES;
				CLANG_WARN__DUPLICATE_METHOD_MATCH = YES;
				"CODE_SIGN_IDENTITY[sdk=iphoneos*]" = "iPhone Developer";
				COPY_PHASE_STRIP = NO;
				DEBUG_INFORMATION_FORMAT = "dwarf-with-dsym";
				ENABLE_NS_ASSERTIONS = NO;
				ENABLE_STRICT_OBJC_MSGSEND = YES;
				GCC_C_LANGUAGE_STANDARD = gnu99;
				GCC_NO_COMMON_BLOCKS = YES;
				GCC_WARN_64_TO_32_BIT_CONVERSION = YES;
				GCC_WARN_ABOUT_RETURN_TYPE = YES_ERROR;
				GCC_WARN_UNDECLARED_SELECTOR = YES;
				GCC_WARN_UNINITIALIZED_AUTOS = YES_AGGRESSIVE;
				GCC_WARN_UNUSED_FUNCTION = YES;
				GCC_WARN_UNUSED_VARIABLE = YES;
				IPHONEOS_DEPLOYMENT_TARGET = 10.2;
				MTL_ENABLE_DEBUG_INFO = NO;
				SDKROOT = iphoneos;
				SWIFT_OPTIMIZATION_LEVEL = "-Owholemodule";
				TARGETED_DEVICE_FAMILY = "1,2";
				VALIDATE_PRODUCT = YES;
			};
			name = Release;
		};
		C9A9CFD21F70349300379269 /* Debug */ = {
			isa = XCBuildConfiguration;
			buildSettings = {
				ASSETCATALOG_COMPILER_APPICON_NAME = AppIcon;
				INFOPLIST_FILE = Lab1/Info.plist;
				LD_RUNPATH_SEARCH_PATHS = "$(inherited) @executable_path/Frameworks";
				PRODUCT_BUNDLE_IDENTIFIER = isaacTrotta.Lab1;
				PRODUCT_NAME = "$(TARGET_NAME)";
				SWIFT_VERSION = 3.0;
			};
			name = Debug;
		};
		C9A9CFD31F70349300379269 /* Release */ = {
			isa = XCBuildConfiguration;
			buildSettings = {
				ASSETCATALOG_COMPILER_APPICON_NAME = AppIcon;
				INFOPLIST_FILE = Lab1/Info.plist;
				LD_RUNPATH_SEARCH_PATHS = "$(inherited) @executable_path/Frameworks";
				PRODUCT_BUNDLE_IDENTIFIER = isaacTrotta.Lab1;
				PRODUCT_NAME = "$(TARGET_NAME)";
				SWIFT_VERSION = 3.0;
			};
			name = Release;
		};
		C9A9CFD51F70349300379269 /* Debug */ = {
			isa = XCBuildConfiguration;
			buildSettings = {
				ALWAYS_EMBED_SWIFT_STANDARD_LIBRARIES = YES;
				BUNDLE_LOADER = "$(TEST_HOST)";
				INFOPLIST_FILE = Lab1Tests/Info.plist;
				LD_RUNPATH_SEARCH_PATHS = "$(inherited) @executable_path/Frameworks @loader_path/Frameworks";
				PRODUCT_BUNDLE_IDENTIFIER = isaacTrotta.Lab1Tests;
				PRODUCT_NAME = "$(TARGET_NAME)";
				SWIFT_VERSION = 3.0;
				TEST_HOST = "$(BUILT_PRODUCTS_DIR)/Lab1.app/Lab1";
			};
			name = Debug;
		};
		C9A9CFD61F70349300379269 /* Release */ = {
			isa = XCBuildConfiguration;
			buildSettings = {
				ALWAYS_EMBED_SWIFT_STANDARD_LIBRARIES = YES;
				BUNDLE_LOADER = "$(TEST_HOST)";
				INFOPLIST_FILE = Lab1Tests/Info.plist;
				LD_RUNPATH_SEARCH_PATHS = "$(inherited) @executable_path/Frameworks @loader_path/Frameworks";
				PRODUCT_BUNDLE_IDENTIFIER = isaacTrotta.Lab1Tests;
				PRODUCT_NAME = "$(TARGET_NAME)";
				SWIFT_VERSION = 3.0;
				TEST_HOST = "$(BUILT_PRODUCTS_DIR)/Lab1.app/Lab1";
			};
			name = Release;
		};
		C9A9CFD81F70349300379269 /* Debug */ = {
			isa = XCBuildConfiguration;
			buildSettings = {
				ALWAYS_EMBED_SWIFT_STANDARD_LIBRARIES = YES;
				INFOPLIST_FILE = Lab1UITests/Info.plist;
				LD_RUNPATH_SEARCH_PATHS = "$(inherited) @executable_path/Frameworks @loader_path/Frameworks";
				PRODUCT_BUNDLE_IDENTIFIER = isaacTrotta.Lab1UITests;
				PRODUCT_NAME = "$(TARGET_NAME)";
				SWIFT_VERSION = 3.0;
				TEST_TARGET_NAME = Lab1;
			};
			name = Debug;
		};
		C9A9CFD91F70349300379269 /* Release */ = {
			isa = XCBuildConfiguration;
			buildSettings = {
				ALWAYS_EMBED_SWIFT_STANDARD_LIBRARIES = YES;
				INFOPLIST_FILE = Lab1UITests/Info.plist;
				LD_RUNPATH_SEARCH_PATHS = "$(inherited) @executable_path/Frameworks @loader_path/Frameworks";
				PRODUCT_BUNDLE_IDENTIFIER = isaacTrotta.Lab1UITests;
				PRODUCT_NAME = "$(TARGET_NAME)";
				SWIFT_VERSION = 3.0;
				TEST_TARGET_NAME = Lab1;
			};
			name = Release;
		};
/* End XCBuildConfiguration section */

/* Begin XCConfigurationList section */
		C9A9CFA41F70349300379269 /* Build configuration list for PBXProject "Lab1" */ = {
			isa = XCConfigurationList;
			buildConfigurations = (
				C9A9CFCF1F70349300379269 /* Debug */,
				C9A9CFD01F70349300379269 /* Release */,
			);
			defaultConfigurationIsVisible = 0;
			defaultConfigurationName = Release;
		};
		C9A9CFD11F70349300379269 /* Build configuration list for PBXNativeTarget "Lab1" */ = {
			isa = XCConfigurationList;
			buildConfigurations = (
				C9A9CFD21F70349300379269 /* Debug */,
				C9A9CFD31F70349300379269 /* Release */,
			);
			defaultConfigurationIsVisible = 0;
		};
		C9A9CFD41F70349300379269 /* Build configuration list for PBXNativeTarget "Lab1Tests" */ = {
			isa = XCConfigurationList;
			buildConfigurations = (
				C9A9CFD51F70349300379269 /* Debug */,
				C9A9CFD61F70349300379269 /* Release */,
			);
			defaultConfigurationIsVisible = 0;
		};
		C9A9CFD71F70349300379269 /* Build configuration list for PBXNativeTarget "Lab1UITests" */ = {
			isa = XCConfigurationList;
			buildConfigurations = (
				C9A9CFD81F70349300379269 /* Debug */,
				C9A9CFD91F70349300379269 /* Release */,
			);
			defaultConfigurationIsVisible = 0;
		};
/* End XCConfigurationList section */
	};
	rootObject = C9A9CFA11F70349300379269 /* Project object */;
}
